version = 1
revision = 1
requires-python = ">=3.12"

[[package]]
name = "amazon-cli"
version = "0.1.0"
source = { editable = "." }
dependencies = [
    { name = "click" },
    { name = "httpx", extra = ["http2"] },
    { name = "rich" },
    { name = "selectolax" },
]

[package.metadata]
requires-dist = [
    { name = "click", specifier = ">=8.1" },
    { name = "httpx", extras = ["http2"], specifier = ">=0.27" },
    { name = "rich", specifier = ">=13.0" },
    { name = "selectolax", specifier = ">=0.3" },
]

[[package]]
name = "anyio"
version = "4.12.1"
source = { registry = "https://pypi.org/simple" }
dependencies = [
    { name = "idna" },
    { name = "typing-extensions", marker = "python_full_version < '3.13'" },
]
sdist = { url = "https://files.pythonhosted.org/packages/96/f0/5eb65b2bb0d09ac6776f2eb54adee6abe8228ea05b20a5ad0e4945de8aac/anyio-4.12.1.tar.gz", hash = "sha256:41cfcc3a4c85d3f05c932da7c26d0201ac36f72abd4435ba90d0464a3ffed703", size = 228685 }
wheels = [
    { url = "https://files.pythonhosted.org/packages/38/0e/27be9fdef66e72d64c0cdc3cc2823101b80585f8119b5c112c2e8f5f7dab/anyio-4.12.1-py3-none-any.whl", hash = "sha256:d405828884fc140aa80a3c667b8beed277f1dfedec42ba031bd6ac3db606ab6c", size = 113592 },
]

[[package]]
name = "certifi"
version = "2026.2.25"
source = { registry = "https://pypi.org/simple" }
sdist = { url = "https://files.pythonhosted.org/packages/af/2d/7bf41579a8986e348fa033a31cdd0e4121114f6bce2457e8876010b092dd/certifi-2026.2.25.tar.gz", hash = "sha256:e887ab5cee78ea814d3472169153c2d12cd43b14bd03329a39a9c6e2e80bfba7", size = 155029 }
wheels = [
    { url = "https://files.pythonhosted.org/packages/9a/3c/c17fb3ca2d9c3acff52e30b309f538586f9f5b9c9cf454f3845fc9af4881/certifi-2026.2.25-py3-none-any.whl", hash = "sha256:027692e4402ad994f1c42e52a4997a9763c646b73e4096e4d5d6db8af1d6f0fa", size = 153684 },
]

[[package]]
name = "click"
version = "8.3.1"
source = { registry = "https://pypi.org/simple" }
dependencies = [
    { name = "colorama", marker = "sys_platform == 'win32'" },
]
sdist = { url = "https://files.pythonhosted.org/packages/3d/fa/656b739db8587d7b5dfa22e22ed02566950fbfbcdc20311993483657a5c0/click-8.3.1.tar.gz", hash = "sha256:12ff4785d337a1bb490bb7e9c2b1ee5da3112e94a8622f26a6c77f5d2fc6842a", size = 295065 }
wheels = [
    { url = "https://files.pythonhosted.org/packages/98/78/01c019cdb5d6498122777c1a43056ebb3ebfeef2076d9d026bfe15583b2b/click-8.3.1-py3-none-any.whl", hash = "sha256:981153a64e25f12d547d3426c367a4857371575ee7ad18df2a6183ab0545b2a6", size = 108274 },
]

[[package]]
name = "colorama"
version = "0.4.6"
source = { registry = "https://pypi.org/simple" }
sdist = { url = "https://files.pythonhosted.org/packages/d8/53/6f443c9a4a8358a93a6792e2acffb9d9d5cb0a5cfd8802644b7b1c9a02e4/colorama-0.4.6.tar.gz", hash = "sha256:08695f5cb7ed6e0531a20572697297273c47b8cae5a63ffc6d6ed5c201be6e44", size = 27697 }
wheels = [
    { url = "https://files.pythonhosted.org/packages/d1/d6/3965ed04c63042e047cb6a3e6ed1a63a35087b6a609aa3a15ed8ac56c221/colorama-0.4.6-py2.py3-none-any.whl", hash = "sha256:4f1d9991f5acc0ca119f9d443620b77f9d6b33703e51011c16baf57afb285fc6", size = 25335 },
]

[[package]]
name = "h11"
version = "0.16.0"
source = { registry = "https://pypi.org/simple" }
sdist = { url = "https://files.pythonhosted.org/packages/01/ee/02a2c011bdab74c6fb3c75474d40b3052059d95df7e73351460c8588d963/h11-0.16.0.tar.gz", hash = "sha256:4e35b956cf45792e4caa5885e69fba00bdbc6ffafbfa020300e549b208ee5ff1", size = 101250 }
wheels = [
    { url = "https://files.pythonhosted.org/packages/04/4b/29cac41a4d98d144bf5f6d33995617b185d14b22401f75ca86f384e87ff1/h11-0.16.0-py3-none-any.whl", hash = "sha256:63cf8bbe7522de3bf65932fda1d9c2772064ffb3dae62d55932da54b31cb6c86", size = 37515 },
]

[[package]]
name = "h2"
version = "4.3.0"
source = { registry = "https://pypi.org/simple" }
dependencies = [
    { name = "hpack" },
    { name = "hyperframe" },
]
sdist = { url = "https://files.pythonhosted.org/packages/1d/17/afa56379f94ad0fe8defd37d6eb3f89a25404ffc71d4d848893d270325fc/h2-4.3.0.tar.gz", hash = "sha256:6c59efe4323fa18b47a632221a1888bd7fde6249819beda254aeca909f221bf1", size = 2152026 }
wheels = [
    { url = "https://files.pythonhosted.org/packages/69/b2/119f6e6dcbd96f9069ce9a2665e0146588dc9f88f29549711853645e736a/h2-4.3.0-py3-none-any.whl", hash = "sha256:c438f029a25f7945c69e0ccf0fb951dc3f73a5f6412981daee861431b70e2bdd", size = 61779 },
]

[[package]]
name = "hpack"
version = "4.1.0"
source = { registry = "https://pypi.org/simple" }
sdist = { url = "https://files.pythonhosted.org/packages/2c/48/71de9ed269fdae9c8057e5a4c0aa7402e8bb16f2c6e90b3aa53327b113f8/hpack-4.1.0.tar.gz", hash = "sha256:ec5eca154f7056aa06f196a557655c5b009b382873ac8d1e66e79e87535f1dca", size = 51276 }
wheels = [
    { url = "https://files.pythonhosted.org/packages/07/c6/80c95b1b2b94682a72cbdbfb85b81ae2daffa4291fbfa1b1464502ede10d/hpack-4.1.0-py3-none-any.whl", hash = "sha256:157ac792668d995c657d93111f46b4535ed114f0c9c8d672271bbec7eae1b496", size = 34357 },
]

[[package]]
name = "httpcore"
version = "1.0.9"
source = { registry = "https://pypi.org/simple" }
dependencies = [
    { name = "certifi" },
    { name = "h11" },
]
sdist = { url = "https://files.pythonhosted.org/packages/06/94/82699a10bca87a5556c9c59b5963f2d039dbd239f25bc2a63907a05a14cb/httpcore-1.0.9.tar.gz", hash = "sha256:6e34463af53fd2ab5d807f399a9b45ea31c3dfa2276f15a2c3f00afff6e176e8", size = 85484 }
wheels = [
    { url = "https://files.pythonhosted.org/packages/7e/f5/f66802a942d491edb555dd61e3a9961140fd64c90bce1eafd741609d334d/httpcore-1.0.9-py3-none-any.whl", hash = "sha256:2d400746a40668fc9dec9810239072b40b4484b640a8c38fd654a024c7a1bf55", size = 78784 },
]

[[package]]
name = "httpx"
version = "0.28.1"
source = { registry = "https://pypi.org/simple" }
dependencies = [
    { name = "anyio" },
    { name = "certifi" },
    { name = "httpcore" },
    { name = "idna" },
]
sdist = { url = "https://files.pythonhosted.org/packages/b1/df/48c586a5fe32a0f01324ee087459e112ebb7224f646c0b5023f5e79e9956/httpx-0.28.1.tar.gz", hash = "sha256:75e98c5f16b0f35b567856f597f06ff2270a374470a5c2392242528e3e3e42fc", size = 141406 }
wheels = [
    { url = "https://files.pythonhosted.org/packages/2a/39/e50c7c3a983047577ee07d2a9e53faf5a69493943ec3f6a384bdc792deb2/httpx-0.28.1-py3-none-any.whl", hash = "sha256:d909fcccc110f8c7faf814ca82a9a4d816bc5a6dbfea25d6591d6985b8ba59ad", size = 73517 },
]

[package.optional-dependencies]
http2 = [
    { name = "h2" },
]

[[package]]
name = "hyperframe"
version = "6.1.0"
source = { registry = "https://pypi.org/simple" }
sdist = { url = "https://files.pythonhosted.org/packages/02/e7/94f8232d4a74cc99514c13a9f995811485a6903d48e5d952771ef6322e30/hyperframe-6.1.0.tar.gz", hash = "sha256:f630908a00854a7adeabd6382b43923a4c4cd4b821fcb527e6ab9e15382a3b08", size = 26566 }
wheels = [
    { url = "https://files.pythonhosted.org/packages/48/30/47d0bf6072f7252e6521f3447ccfa40b421b6824517f82854703d0f5a98b/hyperframe-6.1.0-py3-none-any.whl", hash = "sha256:b03380493a519fce58ea5af42e4a42317bf9bd425596f7a0835ffce80f1a42e5", size = 13007 },
]

[[package]]
name = "idna"
version = "3.11"
source = { registry = "https://pypi.org/simple" }
sdist = { url = "https://files.pythonhosted.org/packages/6f/6d/0703ccc57f3a7233505399edb88de3cbd678da106337b9fcde432b65ed60/idna-3.11.tar.gz", hash = "sha256:795dafcc9c04ed0c1fb032c2aa73654d8e8c5023a7df64a53f39190ada629902", size = 194582 }
wheels = [
    { url = "https://files.pythonhosted.org/packages/0e/61/66938bbb5fc52dbdf84594873d5b51fb1f7c7794e9c0f5bd885f30bc507b/idna-3.11-py3-none-any.whl", hash = "sha256:771a87f49d9defaf64091e6e6fe9c18d4833f140bd19464795bc32d966ca37ea", size = 71008 },
]

[[package]]
name = "markdown-it-py"
version = "4.0.0"
source = { registry = "https://pypi.org/simple" }
dependencies = [
    { name = "mdurl" },
]
sdist = { url = "https://files.pythonhosted.org/packages/5b/f5/4ec618ed16cc4f8fb3b701563655a69816155e79e24a17b651541804721d/markdown_it_py-4.0.0.tar.gz", hash = "sha256:cb0a2b4aa34f932c007117b194e945bd74e0ec24133ceb5bac59009cda1cb9f3", size = 73070 }
wheels = [
    { url = "https://files.pythonhosted.org/packages/94/54/e7d793b573f298e1c9013b8c4dade17d481164aa517d1d7148619c2cedbf/markdown_it_py-4.0.0-py3-none-any.whl", hash = "sha256:87327c59b172c5011896038353a81343b6754500a08cd7a4973bb48c6d578147", size = 87321 },
]

[[package]]
name = "mdurl"
version = "0.1.2"
source = { registry = "https://pypi.org/simple" }
sdist = { url = "https://files.pythonhosted.org/packages/d6/54/cfe61301667036ec958cb99bd3efefba235e65cdeb9c84d24a8293ba1d90/mdurl-0.1.2.tar.gz", hash = "sha256:bb413d29f5eea38f31dd4754dd7377d4465116fb207585f97bf925588687c1ba", size = 8729 }
wheels = [
    { url = "https://files.pythonhosted.org/packages/b3/38/89ba8ad64ae25be8de66a6d463314cf1eb366222074cfda9ee839c56a4b4/mdurl-0.1.2-py3-none-any.whl", hash = "sha256:84008a41e51615a49fc9966191ff91509e3c40b939176e643fd50a5c2196b8f8", size = 9979 },
]

[[package]]
name = "pygments"
version = "2.19.2"
source = { registry = "https://pypi.org/simple" }
sdist = { url = "https://files.pythonhosted.org/packages/b0/77/a5b8c569bf593b0140bde72ea885a803b82086995367bf2037de0159d924/pygments-2.19.2.tar.gz", hash = "sha256:636cb2477cec7f8952536970bc533bc43743542f70392ae026374600add5b887", size = 4968631 }
wheels = [
    { url = "https://files.pythonhosted.org/packages/c7/21/705964c7812476f378728bdf590ca4b771ec72385c533964653c68e86bdc/pygments-2.19.2-py3-none-any.whl", hash = "sha256:86540386c03d588bb81d44bc3928634ff26449851e99741617ecb9037ee5ec0b", size = 1225217 },
]

[[package]]
name = "rich"
version = "14.3.3"
source = { registry = "https://pypi.org/simple" }
dependencies = [
    { name = "markdown-it-py" },
    { name = "pygments" },
]
sdist = { url = "https://files.pythonhosted.org/packages/b3/c6/f3b320c27991c46f43ee9d856302c70dc2d0fb2dba4842ff739d5f46b393/rich-14.3.3.tar.gz", hash = "sha256:b8daa0b9e4eef54dd8cf7c86c03713f53241884e814f4e2f5fb342fe520f639b", size = 230582 }
wheels = [
    { url = "https://files.pythonhosted.org/packages/14/25/b208c5683343959b670dc001595f2f3737e051da617f66c31f7c4fa93abc/rich-14.3.3-py3-none-any.whl", hash = "sha256:793431c1f8619afa7d3b52b2cdec859562b950ea0d4b6b505397612db8d5362d", size = 310458 },
]

[[package]]
name = "selectolax"
version = "0.4.7"
source = { registry = "https://pypi.org/simple" }
sdist = { url = "https://files.pythonhosted.org/packages/3b/5c/bf049c4aec4c102977abcac68a90dfb1031edc225e9a754fe2c7e624a2d2/selectolax-0.4.7.tar.gz", hash = "sha256:17f7ba5a21714d450b4eea0451608a36be2bba8d327990ddbda812eb3f36fa51", size = 4822635 }
wheels = [
    { url = "https://files.pythonhosted.org/packages/1f/1d/8d3db7dcc053f7f4088a826f9089324c7b37617f9caaf6a03f0ff5854bbd/selectolax-0.4.7-cp312-cp312-macosx_10_13_x86_64.whl", hash = "sha256:8fa541a520cc6213d754ec747ebbff12fdcc5b9f6bb7615784486e18697209fb", size = 2059304 },
    { url = "https://files.pythonhosted.org/packages/42/64/de442c5056aa4f42d140556a8093bfadee72545919384cf38d6f651b75b0/selectolax-0.4.7-cp312-cp312-macosx_11_0_arm64.whl", hash = "sha256:2a0e9b1e3b1d091a0133b44b3967c79db8de73d99efe38af85bab615775aa4e8", size = 2057450 },
    { url = "https://files.pythonhosted.org/packages/e4/42/969e084f59c845fbb304d55f8e3899ffe823f3cd78d85d083edffe772766/selectolax-0.4.7-cp312-cp312-manylinux2014_aarch64.manylinux_2_17_aarch64.manylinux_2_28_aarch64.whl", hash = "sha256:7134b119c011e18d1e914d5adbb8f953e391649b4af734fcec61dad691a16f59", size = 2251180 },
    { url = "https://files.pythonhosted.org/packages/e9/1b/d8f84cb6385637cd793aad3a53618d3ee1b4329e0feb0f4db7a7f81af4da/selectolax-0.4.7-cp312-cp312-manylinux2014_x86_64.manylinux_2_17_x86_64.manylinux_2_28_x86_64.whl", hash = "sha256:3840b79f5f39744b95dc80e3b428cf4e49b86d8c6e9cbb3e7df3e702bf240cce", size = 2292532 },
    { url = "https://files.pythonhosted.org/packages/85/54/15c3b5d94cf969748ffcca7289245d477ef69ce30a359c5a764b0bc2226e/selectolax-0.4.7-cp312-cp312-musllinux_1_2_aarch64.whl", hash = "sha256:eb6faf15e6cc6a7c61c04e15c3490e3f6693c98f732e531941687093de36db81", size = 2263969 },
    { url = "https://files.pythonhosted.org/packages/e2/4f/fa4125a9a92b2a15a3b332592270e003e9092bb97c3d6c3a7f2714b4c507/selectolax-0.4.7-cp312-cp312-musllinux_1_2_x86_64.whl", hash = "sha256:3799b39d60266f7d4c48f322fac8eaecc6dec38f4342d6d3b17085d11815bcb4", size = 2298497 },
    { url = "https://files.pythonhosted.org/packages/dd/9d/fef3b7d4f8da87762574ea20ff9612485639d6b0a9b7d3839738d8ced105/selectolax-0.4.7-cp312-cp312-win32.whl", hash = "sha256:88344c8764f3a2fbcae2fd2353201c330920943c2da34a16e9b063f918deb7d6", size = 1735965 },
    { url = "https://files.pythonhosted.org/packages/31/25/5b893677a0acfc579d9ccb3f01204c4554ba533db5c144cc3b18e33e347b/selectolax-0.4.7-cp312-cp312-win_amd64.whl", hash = "sha256:00953c3c6a7e4dfd990a5651315b713d50131706c239c1f1c5b6d4a75a11975a", size = 1833805 },
    { url = "https://files.pythonhosted.org/packages/63/ad/bb94f409f33871b6d9b3b4d56fb82d14d9b2fd2e7657f32c25a35167187e/selectolax-0.4.7-cp312-cp312-win_arm64.whl", hash = "sha256:e6b8d0f7cbdc6ca5cbf52dbd37f70c170184040499ac59a23409724724276784", size = 1783620 },
    { url = "https://files.pythonhosted.org/packages/d2/6b/238c03a1be1aa73c5392026ae4efbcf9f8356bb5a07dda1134f07d33e78c/selectolax-0.4.7-cp313-cp313-macosx_10_13_x86_64.whl", hash = "sha256:fb8f169511f037b662dac1a0e27cff30f4317f9aa30af2e37c8a37c3ca8c7e3c", size = 2058636 },
    { url = "https://files.pythonhosted.org/packages/f3/44/22e433b7dc31ff83574051dd9951175bcd0e36b56c0e25cb277929e77ecb/selectolax-0.4.7-cp313-cp313-macosx_11_0_arm64.whl", hash = "sha256:feaea6ac95da2fa137abad3c1ae13596bffed44c8e2bfa7802f89a37a1e5e39a", size = 2056263 },
    { url = "https://files.pythonhosted.org/packages/af/95/05f264c622d0f0839954d0f197d420cffe5723354521b6ce543d32b272a1/selectolax-0.4.7-cp313-cp313-manylinux2014_aarch64.manylinux_2_17_aarch64.manylinux_2_28_aarch64.whl", hash = "sha256:fdc5ec34ccce3a691e1664a14bf0f40ad6a41117e5de88e85d8ac8e68a7ea8bd", size = 2247850 },
    { url = "https://files.pythonhosted.org/packages/59/24/324a271f7ef49786d7bed5674e23718504fe996866e23c75f91ac06c3bfa/selectolax-0.4.7-cp313-cp313-manylinux2014_x86_64.manylinux_2_17_x86_64.manylinux_2_28_x86_64.whl", hash = "sha256:1a7016db9c55ae541f1669a3433aee03fc0a1111d70c84aa5636a5a6b9499854", size = 2287889 },
    { url = "https://files.pythonhosted.org/packages/91/b0/779ab6c428be5cf53ebae1bc2539ebe9df9d8b76e2f9810f107a0338800e/selectolax-0.4.7-cp313-cp313-musllinux_1_2_aarch64.whl", hash = "sha256:d3da9e1609cefc9bb403f62c2b03d2f5622cbe3057c2f06e308a29fad8ae5654", size = 2261143 },
    { url = "https://files.pythonhosted.org/packages/b6/c2/34b132d14922b7d8dbb50d0b487d22aeb7af8a47421baaf05f2cc1cc2dbd/selectolax-0.4.7-cp313-cp313-musllinux_1_2_x86_64.whl", hash = "sha256:9c70be8f4154a80b8d435bcc3217c04a82f928849fa2f6acd554d24c5b911db6", size = 2293796 },
    { url = "https://files.pythonhosted.org/packages/24/67/6ba2b7140d7e92a3a0f815ac6c8001171973248a9f27206b339019e0b288/selectolax-0.4.7-cp313-cp313-win32.whl", hash = "sha256:df8a8db519484c868839f1d36be720feeb228c8f75cf7b745e325db183b319c6", size = 1735965 },
    { url = "https://files.pythonhosted.org/packages/6c/1c/d22cbd6c5828a59addd42626c22b2afb3422bfce59cf88d15095da05243f/selectolax-0.4.7-cp313-cp313-win_amd64.whl", hash = "sha256:5a613760d2b890d7befd2e585a37dd0bdae9e23eee0cacb15d24adb83232c94e", size = 1834806 },
    { url = "https://files.pythonhosted.org/packages/59/d7/d2206d9f38a534b4fc4383c7dd427ba0b927075c96881274a60978411723/selectolax-0.4.7-cp313-cp313-win_arm64.whl", hash = "sha256:7cbd1143920b7bd1b80e092d5a16c97fdc741b0325a42862f20edcb55ab493e8", size = 1783517 },
    { url = "https://files.pythonhosted.org/packages/35/5a/76f9ee49b4bbb27ebe2d3b26ad84b6887f41d181dd8682278ccea50ed75f/selectolax-0.4.7-cp314-cp314-macosx_10_13_x86_64.whl", hash = "sha256:9f29ad4506fe84152391998ae5b05aaae80d237795567009a518496d0daf4908", size = 2078520 },
    { url = "https://files.pythonhosted.org/packages/d6/7d/bcc37be0537802f8d94e61d30f4d36130afa2ae2fa59758b534e4bbe80e7/selectolax-0.4.7-cp314-cp314-macosx_11_0_arm64.whl", hash = "sha256:2f19bb52c27f526d89383ec178daa31fcb93dbec90106bfb3e2d43c2970f3b72", size = 2076219 },
    { url = "https://files.pythonhosted.org/packages/1a/4c/544385da484f6a3b8ba70ea4ad15a121adb0cf2b55b74f2560b8e01f44cc/selectolax-0.4.7-cp314-cp314-manylinux2014_aarch64.manylinux_2_17_aarch64.manylinux_2_28_aarch64.whl", hash = "sha256:5a6735711f492532a83df6d501e8647feea48d893e703f0354e61ba868757f9b", size = 2255094 },
    { url = "https://files.pythonhosted.org/packages/f7/e7/bbb13633f4378dbc390c874be4321fd4d09388a44b66f1c26625730030ba/selectolax-0.4.7-cp314-cp314-manylinux2014_x86_64.manylinux_2_17_x86_64.manylinux_2_28_x86_64.whl", hash = "sha256:ea46dbb3592ec0aa78662ecdcac8c083313dafbc6bd8277620b8301db658d638", size = 2289342 },
    { url = "https://files.pythonhosted.org/packages/77/1b/c1fc7711ad8b1c3b60a987fa258d47cb93a8b3b9f21ca8a6aa24e5e7705c/selectolax-0.4.7-cp314-cp314-musllinux_1_2_aarch64.whl", hash = "sha256:a4782cc1e162ca422a325302cdad344cd853cfde19004b870e5b6c3df651abab", size = 2285919 },
    { url = "https://files.pythonhosted.org/packages/fa/51/d5f8bc697c84bdae90c6d5fd038662d3509879c28f2076ef70fdbd0ab61a/selectolax-0.4.7-cp314-cp314-musllinux_1_2_x86_64.whl", hash = "sha256:8e7f847b38195c45f6f6c966df5d8600ab9d522df632d61b28db2edd92deeb3c", size = 2313967 },
    { url = "https://files.pythonhosted.org/packages/d9/01/277d3c3fa5d3c669bf8d20bd12fcde50258408dc4bd9e3f8c5fc2d28fcd6/selectolax-0.4.7-cp314-cp314-win32.whl", hash = "sha256:eaf2e15076fa7e2e5fe7c3b5a88e54b14bbd49a53da983534f6cb448f3f0e300", size = 1846621 },
    { url = "https://files.pythonhosted.org/packages/52/c6/5b4ae2b211161b597cc6bc02e517616d045a859dbfa98b2c0dd372614bf9/selectolax-0.4.7-cp314-cp314-win_amd64.whl", hash = "sha256:87bd651514491b9bdd8254e71295e43b790575021b87ebc2351ed6a2aeaa9313", size = 1943489 },
    { url = "https://files.pythonhosted.org/packages/4a/c6/ab1544bbc731e653dd59dcb4f497fccbede8c84af3783c4f340ef1d6b606/selectolax-0.4.7-cp314-cp314-win_arm64.whl", hash = "sha256:771710fe52b082804d959944e3e0fe67f094ea1bf81669b4f654b957a7490d95", size = 1896489 },
    { url = "https://files.pythonhosted.org/packages/83/77/59593bfd132f6af138720c09cae3f0969d3f5366e3457c5309ab9c020d92/selectolax-0.4.7-cp314-cp314t-macosx_10_13_x86_64.whl", hash = "sha256:8edbec5ad8a51cb60e6761231d88d34ed3a8158db3ae1f448aede2d146111d0f", size = 2098945 },
    { url = "https://files.pythonhosted.org/packages/7d/74/90d0718b9f7898aa422ae5f9969fb43b3c5abc543cfd4eb64987aa052fe4/selectolax-0.4.7-cp314-cp314t-macosx_11_0_arm64.whl", hash = "sha256:2c275e5e5579e308a09ae77922c468a8ca63666534d00a42ebfd912f3c842a2e", size = 2098041 },
    { url = "https://files.pythonhosted.org/packages/f9/bc/bbe7c98a3eb4b83e164c56a3245a272427b2d03672a18456bd96325a1929/selectolax-0.4.7-cp314-cp314t-manylinux2014_aarch64.manylinux_2_17_aarch64.manylinux_2_28_aarch64.whl", hash = "sha256:d9591ec48af16003a79db89f070688fe0fb68d2c16ac6b479b0ee8b78eb4e486", size = 2263047 },
    { url = "https://files.pythonhosted.org/packages/de/0e/5929821c7f7a9c9a753feef59433ba16a0ca8e5f8f7ac0efa2dea6a84edf/selectolax-0.4.7-cp314-cp314t-manylinux2014_x86_64.manylinux_2_17_x86_64.manylinux_2_28_x86_64.whl", hash = "sha256:fc504cad873bc4e95fca9141008ccf0d5e44350dfe450b71ccee86bd0b7b0572", size = 2290751 },
    { url = "https://files.pythonhosted.org/packages/34/30/3426668e83dcaf7f8fac3117140119556436e8de00de4ebbfde5bbf56d45/selectolax-0.4.7-cp314-cp314t-musllinux_1_2_aarch64.whl", hash = "sha256:64de787422ad342b35fef86e488d8b76d70fc3266cb74dfc154d4a89291c62b1", size = 2297728 },
    { url = "https://files.pythonhosted.org/packages/48/a7/a1937960cf98bf3cdc32963fb3ed30ee6364cf8e4c458bba21ca8cf98308/selectolax-0.4.7-cp314-cp314t-musllinux_1_2_x86_64.whl", hash = "sha256:eb2757147ba48c2ac75ad79ad47e4b4d9e7ddb08ac614b90347cdff6b98c860b", size = 2315531 },
    { url = "https://files.pythonhosted.org/packages/8a/64/1f699580093cc0582c07124137bdb78162086d7ef822dabbad2a2b051793/selectolax-0.4.7-cp314-cp314t-win32.whl", hash = "sha256:da9afa778ebce19c48de1e6fe5ff5bf7c719cd7f9cd14e5d530bd00ec15b149f", size = 1900408 },
    { url = "https://files.pythonhosted.org/packages/26/df/1035432c42eb76feaf696b7318411be908dab01b5b2907566c820d390fdb/selectolax-0.4.7-cp314-cp314t-win_amd64.whl", hash = "sha256:ad71d3b31ceb49820787d19d983e2851835ad03bbfd302c6e243a97215e36557", size = 2011199 },
    { url = "https://files.pythonhosted.org/packages/61/99/d4de702bdd436e108891df2105adb7c6f44a11833a88c08686b18d4a6693/selectolax-0.4.7-cp314-cp314t-win_arm64.whl", hash = "sha256:85e4ada1c4a3a69e503c9866e74bce24e716bd0ada060c7c2b56677d4f073928", size = 1915624 },
]

[[package]]
name = "typing-extensions"
version = "4.15.0"
source = { registry = "https://pypi.org/simple" }
sdist = { url = "https://files.pythonhosted.org/packages/72/94/1a15dd82efb362ac84269196e94cf00f187f7ed21c242792a923cdb1c61f/typing_extensions-4.15.0.tar.gz", hash = "sha256:0cea48d173cc12fa28ecabc3b837ea3cf6f38c6d1136f85cbaaf598984861466", size = 109391 }
wheels = [
    { url = "https://files.pythonhosted.org/packages/18/67/36e9267722cc04a6b9f15c7f3441c2363321a3ea07da7ae0c0707beb2a9c/typing_extensions-4.15.0-py3-none-any.whl", hash = "sha256:f0fa19c6845758ab08074a0cfa8b7aecb71c999ca73d62883bc25cc018c4e548", size = 44614 },
]
